
Microsoft Visual Studio Solution File, Format Version 12.00
# Visual Studio Version 17
VisualStudioVersion = 17.5.002.0
MinimumVisualStudioVersion = 10.0.40219.1
Project("{9A19103F-16F7-4668-BE54-9A1E7A4F7556}") = "csharp_images", "csharp_images.csproj", "{1C7A1C95-80D0-499F-8D85-62FC0FBA2EC5}"
EndProject
Global
	GlobalSection(SolutionConfigurationPlatforms) = preSolution
		Debug|Any CPU = Debug|Any CPU
		Release|Any CPU = Release|Any CPU
	EndGlobalSection
	GlobalSection(ProjectConfigurationPlatforms) = postSolution
		{1C7A1C95-80D0-499F-8D85-62FC0FBA2EC5}.Debug|Any CPU.ActiveCfg = Debug|Any CPU
		{1C7A1C95-80D0-499F-8D85-62FC0FBA2EC5}.Debug|Any CPU.Build.0 = Debug|Any CPU
		{1C7A1C95-80D0-499F-8D85-62FC0FBA2EC5}.Release|Any CPU.ActiveCfg = Release|Any CPU
		{1C7A1C95-80D0-499F-8D85-62FC0FBA2EC5}.Release|Any CPU.Build.0 = Release|Any CPU
	EndGlobalSection
	GlobalSection(SolutionProperties) = preSolution
		HideSolutionNode = FALSE
	EndGlobalSection
	GlobalSection(ExtensibilityGlobals) = postSolution
		SolutionGuid = {CB98620A-1AE7-4D01-AC42-4DBC3F09DB7B}
	EndGlobalSection
EndGlobal
