%{
  "cc_precompiler": {:hex, :cc_precompiler, "0.1.11", "8c844d0b9fb98a3edea067f94f616b3f6b29b959b6b3bf25fee94ffe34364768", [:mix], [{:elixir_make, "~> 0.7", [hex: :elixir_make, repo: "hexpm", optional: false]}], "hexpm", "3427232caf0835f94680e5bcf082408a70b48ad68a5f5c0b02a3bea9f3a075b9"},
  "complex": {:hex, :complex, "0.6.0", "b0130086a7a8c33574d293b2e0e250f4685580418eac52a5658a4bd148f3ccf1", [:mix], [], "hexpm", "0a5fa95580dcaf30fcd60fe1aaf24327c0fe401e98c24d892e172e79498269f9"},
  "elixir_make": {:hex, :elixir_make, "0.9.0", "6484b3cd8c0cee58f09f05ecaf1a140a8c97670671a6a0e7ab4dc326c3109726", [:mix], [], "hexpm", "db23d4fd8b757462ad02f8aa73431a426fe6671c80b200d9710caf3d1dd0ffdb"},
  "nx": {:hex, :nx, "0.10.0", "128e4a094cb790f663e20e1334b127c1f2a4df54edfb8b13c22757ec33133b4f", [:mix], [{:complex, "~> 0.6", [hex: :complex, repo: "hexpm", optional: false]}, {:telemetry, "~> 0.4.0 or ~> 1.0", [hex: :telemetry, repo: "hexpm", optional: false]}], "hexpm", "3db8892c124aeee091df0e6fbf8e5bf1b81f502eb0d4f5ba63e6378ebcae7da4"},
  "stb_image": {:hex, :stb_image, "0.6.10", "76975279e2a130f53dc670bf6f6b1cdc4fbd7ab6293053e88e7fb6a7eae0e836", [:make, :mix], [{:cc_precompiler, "~> 0.1", [hex: :cc_precompiler, repo: "hexpm", optional: false]}, {:elixir_make, "~> 0.8", [hex: :elixir_make, repo: "hexpm", optional: false]}, {:kino, "~> 0.7", [hex: :kino, repo: "hexpm", optional: true]}, {:nx, "~> 0.4", [hex: :nx, repo: "hexpm", optional: true]}], "hexpm", "26125372cfeda209084d3670417fab6819cfccd0e66c657678ecc48314369e8d"},
  "telemetry": {:hex, :telemetry, "1.3.0", "fedebbae410d715cf8e7062c96a1ef32ec22e764197f70cda73d82778d61e7a2", [:rebar3], [], "hexpm", "7015fc8919dbe63764f4b4b87a95b7c0996bd539e0d499be6ec9d7f3875b79e6"},
}
